
Microsoft Visual Studio Solution File, Format Version 12.00
# Visual Studio 15
VisualStudioVersion = 15.0.26124.0
MinimumVisualStudioVersion = 15.0.26124.0
Project("{FAE04EC0-301F-11D3-BF4B-00C04F79EFBC}") = "Physics", "Physics\Physics.csproj", "{9385BB6C-F639-4239-B383-C36A3B238FB6}"
EndProject
Project("{FAE04EC0-301F-11D3-BF4B-00C04F79EFBC}") = "PhysicsTests", "PhysicsTests\PhysicsTests.csproj", "{C05E3CED-9F02-4AB9-B068-0A7D5AFBD0D0}"
EndProject
Project("{FAE04EC0-301F-11D3-BF4B-00C04F79EFBC}") = "Watcher", "Watcher\Watcher.csproj", "{E0A60A8B-04A2-4AD5-85A0-0212B0CD26A6}"
EndProject
Global
	GlobalSection(SolutionConfigurationPlatforms) = preSolution
		Debug|Any CPU = Debug|Any CPU
		Debug|x64 = Debug|x64
		Debug|x86 = Debug|x86
		Release|Any CPU = Release|Any CPU
		Release|x64 = Release|x64
		Release|x86 = Release|x86
	EndGlobalSection
	GlobalSection(SolutionProperties) = preSolution
		HideSolutionNode = FALSE
	EndGlobalSection
	GlobalSection(ProjectConfigurationPlatforms) = postSolution
		{9385BB6C-F639-4239-B383-C36A3B238FB6}.Debug|Any CPU.ActiveCfg = Debug|Any CPU
		{9385BB6C-F639-4239-B383-C36A3B238FB6}.Debug|Any CPU.Build.0 = Debug|Any CPU
		{9385BB6C-F639-4239-B383-C36A3B238FB6}.Debug|x64.ActiveCfg = Debug|Any CPU
		{9385BB6C-F639-4239-B383-C36A3B238FB6}.Debug|x64.Build.0 = Debug|Any CPU
		{9385BB6C-F639-4239-B383-C36A3B238FB6}.Debug|x86.ActiveCfg = Debug|Any CPU
		{9385BB6C-F639-4239-B383-C36A3B238FB6}.Debug|x86.Build.0 = Debug|Any CPU
		{9385BB6C-F639-4239-B383-C36A3B238FB6}.Release|Any CPU.ActiveCfg = Release|Any CPU
		{9385BB6C-F639-4239-B383-C36A3B238FB6}.Release|Any CPU.Build.0 = Release|Any CPU
		{9385BB6C-F639-4239-B383-C36A3B238FB6}.Release|x64.ActiveCfg = Release|Any CPU
		{9385BB6C-F639-4239-B383-C36A3B238FB6}.Release|x64.Build.0 = Release|Any CPU
		{9385BB6C-F639-4239-B383-C36A3B238FB6}.Release|x86.ActiveCfg = Release|Any CPU
		{9385BB6C-F639-4239-B383-C36A3B238FB6}.Release|x86.Build.0 = Release|Any CPU
		{C05E3CED-9F02-4AB9-B068-0A7D5AFBD0D0}.Debug|Any CPU.ActiveCfg = Debug|Any CPU
		{C05E3CED-9F02-4AB9-B068-0A7D5AFBD0D0}.Debug|Any CPU.Build.0 = Debug|Any CPU
		{C05E3CED-9F02-4AB9-B068-0A7D5AFBD0D0}.Debug|x64.ActiveCfg = Debug|Any CPU
		{C05E3CED-9F02-4AB9-B068-0A7D5AFBD0D0}.Debug|x64.Build.0 = Debug|Any CPU
		{C05E3CED-9F02-4AB9-B068-0A7D5AFBD0D0}.Debug|x86.ActiveCfg = Debug|Any CPU
		{C05E3CED-9F02-4AB9-B068-0A7D5AFBD0D0}.Debug|x86.Build.0 = Debug|Any CPU
		{C05E3CED-9F02-4AB9-B068-0A7D5AFBD0D0}.Release|Any CPU.ActiveCfg = Release|Any CPU
		{C05E3CED-9F02-4AB9-B068-0A7D5AFBD0D0}.Release|Any CPU.Build.0 = Release|Any CPU
		{C05E3CED-9F02-4AB9-B068-0A7D5AFBD0D0}.Release|x64.ActiveCfg = Release|Any CPU
		{C05E3CED-9F02-4AB9-B068-0A7D5AFBD0D0}.Release|x64.Build.0 = Release|Any CPU
		{C05E3CED-9F02-4AB9-B068-0A7D5AFBD0D0}.Release|x86.ActiveCfg = Release|Any CPU
		{C05E3CED-9F02-4AB9-B068-0A7D5AFBD0D0}.Release|x86.Build.0 = Release|Any CPU
		{E0A60A8B-04A2-4AD5-85A0-0212B0CD26A6}.Debug|Any CPU.ActiveCfg = Debug|Any CPU
		{E0A60A8B-04A2-4AD5-85A0-0212B0CD26A6}.Debug|Any CPU.Build.0 = Debug|Any CPU
		{E0A60A8B-04A2-4AD5-85A0-0212B0CD26A6}.Debug|x64.ActiveCfg = Debug|Any CPU
		{E0A60A8B-04A2-4AD5-85A0-0212B0CD26A6}.Debug|x64.Build.0 = Debug|Any CPU
		{E0A60A8B-04A2-4AD5-85A0-0212B0CD26A6}.Debug|x86.ActiveCfg = Debug|Any CPU
		{E0A60A8B-04A2-4AD5-85A0-0212B0CD26A6}.Debug|x86.Build.0 = Debug|Any CPU
		{E0A60A8B-04A2-4AD5-85A0-0212B0CD26A6}.Release|Any CPU.ActiveCfg = Release|Any CPU
		{E0A60A8B-04A2-4AD5-85A0-0212B0CD26A6}.Release|Any CPU.Build.0 = Release|Any CPU
		{E0A60A8B-04A2-4AD5-85A0-0212B0CD26A6}.Release|x64.ActiveCfg = Release|Any CPU
		{E0A60A8B-04A2-4AD5-85A0-0212B0CD26A6}.Release|x64.Build.0 = Release|Any CPU
		{E0A60A8B-04A2-4AD5-85A0-0212B0CD26A6}.Release|x86.ActiveCfg = Release|Any CPU
		{E0A60A8B-04A2-4AD5-85A0-0212B0CD26A6}.Release|x86.Build.0 = Release|Any CPU
	EndGlobalSection
EndGlobal
